# THIS IS AN AUTOGENERATED FILE. DO NOT EDIT THIS FILE DIRECTLY.
# yarn lockfile v1


zenn-cli@^0.1.155:
  version "0.1.155"
  resolved "https://registry.npmjs.org/zenn-cli/-/zenn-cli-0.1.155.tgz"
  integrity sha512-PqxeLWVrqSrGGPaMiNM5myJcbmXHh/Ur6EhzLkezrDZa5uJe1jfD6COVEnCtRf86Y5P0qy5bejXifSTNdDmqOA==
